{
    "doctrine/doctrine-migrations-bundle": {
        "version": "3.1",
        "recipe": {
            "repo": "github.com/symfony/recipes",
            "branch": "master",
            "version": "3.1",
            "ref": "ee609429c9ee23e22d6fa5728211768f51ed2818"
        },
        "files": [
            "config/packages/doctrine_migrations.yaml",
            "migrations/.gitignore"
        ]
    },
    "doctrine/migrations": {
        "version": "3.1.1"
    },
    "friendsofphp/proxy-manager-lts": {
        "version": "v1.0.3"
    },
    "laminas/laminas-code": {
        "version": "4.2.0"
    },
    "laminas/laminas-eventmanager": {
        "version": "3.3.1"
    },
    "laminas/laminas-zendframework-bridge": {
        "version": "1.2.0"
    },
    "sensio/framework-extra-bundle": {
        "version": "5.2",
        "recipe": {
            "repo": "github.com/symfony/recipes",
            "branch": "master",
            "version": "5.2",
            "ref": "fb7e19da7f013d0d422fa9bce16f5c510e27609b"
        },
        "files": [
            "config/packages/sensio_framework_extra.yaml"
        ]
    },
    "symfony/flex": {
        "version": "1.0",
        "recipe": {
            "repo": "github.com/symfony/recipes",
            "branch": "master",
            "version": "1.0",
            "ref": "c0eeb50665f0f77226616b6038a9b06c03752d8e"
        },
        "files": [
            ".env"
        ]
    },
    "symfony/orm-pack": {
        "version": "v2.1.0"
    },
    "symfony/proxy-manager-bridge": {
        "version": "v5.1.11"
    },
    "symfony/stopwatch": {
        "version": "v5.1.11"
    }
}
